// !$*UTF8*$!
{
	archiveVersion = 1;
	classes = {
	};
	objectVersion = 55;
	objects = {

/* Begin PBXBuildFile section */
		2675D3BD2911B3BD009ACBB0 /* AppDelegate.swift in Sources */ = {isa = PBXBuildFile; fileRef = 2675D3BC2911B3BD009ACBB0 /* AppDelegate.swift */; };
		2675D3BF2911B3BD009ACBB0 /* SceneDelegate.swift in Sources */ = {isa = PBXBuildFile; fileRef = 2675D3BE2911B3BD009ACBB0 /* SceneDelegate.swift */; };
		2675D3C12911B3BD009ACBB0 /* ViewController.swift in Sources */ = {isa = PBXBuildFile; fileRef = 2675D3C02911B3BD009ACBB0 /* ViewController.swift */; };
		2675D3C42911B3BD009ACBB0 /* Main.storyboard in Resources */ = {isa = PBXBuildFile; fileRef = 2675D3C22911B3BD009ACBB0 /* Main.storyboard */; };
		2675D3C62911B3BF009ACBB0 /* Assets.xcassets in Resources */ = {isa = PBXBuildFile; fileRef = 2675D3C52911B3BF009ACBB0 /* Assets.xcassets */; };
		2675D3C92911B3BF009ACBB0 /* LaunchScreen.storyboard in Resources */ = {isa = PBXBuildFile; fileRef = 2675D3C72911B3BF009ACBB0 /* LaunchScreen.storyboard */; };
		2675D3D42911B3C0009ACBB0 /* LifeCycleTests.swift in Sources */ = {isa = PBXBuildFile; fileRef = 2675D3D32911B3C0009ACBB0 /* LifeCycleTests.swift */; };
		2675D3DE2911B3C0009ACBB0 /* LifeCycleUITests.swift in Sources */ = {isa = PBXBuildFile; fileRef = 2675D3DD2911B3C0009ACBB0 /* LifeCycleUITests.swift */; };
		2675D3E02911B3C0009ACBB0 /* LifeCycleUITestsLaunchTests.swift in Sources */ = {isa = PBXBuildFile; fileRef = 2675D3DF2911B3C0009ACBB0 /* LifeCycleUITestsLaunchTests.swift */; };
		2675D3ED2911B40C009ACBB0 /* MyClass.swift in Sources */ = {isa = PBXBuildFile; fileRef = 2675D3EC2911B40C009ACBB0 /* MyClass.swift */; };
		2675D3EF2911B766009ACBB0 /* MyClassTests.swift in Sources */ = {isa = PBXBuildFile; fileRef = 2675D3EE2911B766009ACBB0 /* MyClassTests.swift */; };
/* End PBXBuildFile section */

/* Begin PBXContainerItemProxy section */
		2675D3D02911B3C0009ACBB0 /* PBXContainerItemProxy */ = {
			isa = PBXContainerItemProxy;
			containerPortal = 2675D3B12911B3BD009ACBB0 /* Project object */;
			proxyType = 1;
			remoteGlobalIDString = 2675D3B82911B3BD009ACBB0;
			remoteInfo = LifeCycle;
		};
		2675D3DA2911B3C0009ACBB0 /* PBXContainerItemProxy */ = {
			isa = PBXContainerItemProxy;
			containerPortal = 2675D3B12911B3BD009ACBB0 /* Project object */;
			proxyType = 1;
			remoteGlobalIDString = 2675D3B82911B3BD009ACBB0;
			remoteInfo = LifeCycle;
		};
/* End PBXContainerItemProxy section */

/* Begin PBXFileReference section */
		2675D3B92911B3BD009ACBB0 /* LifeCycle.app */ = {isa = PBXFileReference; explicitFileType = wrapper.application; includeInIndex = 0; path = LifeCycle.app; sourceTree = BUILT_PRODUCTS_DIR; };
		2675D3BC2911B3BD009ACBB0 /* AppDelegate.swift */ = {isa = PBXFileReference; lastKnownFileType = sourcecode.swift; path = AppDelegate.swift; sourceTree = "<group>"; };
		2675D3BE2911B3BD009ACBB0 /* SceneDelegate.swift */ = {isa = PBXFileReference; lastKnownFileType = sourcecode.swift; path = SceneDelegate.swift; sourceTree = "<group>"; };
		2675D3C02911B3BD009ACBB0 /* ViewController.swift */ = {isa = PBXFileReference; lastKnownFileType = sourcecode.swift; path = ViewController.swift; sourceTree = "<group>"; };
		2675D3C32911B3BD009ACBB0 /* Base */ = {isa = PBXFileReference; lastKnownFileType = file.storyboard; name = Base; path = Base.lproj/Main.storyboard; sourceTree = "<group>"; };
		2675D3C52911B3BF009ACBB0 /* Assets.xcassets */ = {isa = PBXFileReference; lastKnownFileType = folder.assetcatalog; path = Assets.xcassets; sourceTree = "<group>"; };
		2675D3C82911B3BF009ACBB0 /* Base */ = {isa = PBXFileReference; lastKnownFileType = file.storyboard; name = Base; path = Base.lproj/LaunchScreen.storyboard; sourceTree = "<group>"; };
		2675D3CA2911B3BF009ACBB0 /* Info.plist */ = {isa = PBXFileReference; lastKnownFileType = text.plist.xml; path = Info.plist; sourceTree = "<group>"; };
		2675D3CF2911B3C0009ACBB0 /* LifeCycleTests.xctest */ = {isa = PBXFileReference; explicitFileType = wrapper.cfbundle; includeInIndex = 0; path = LifeCycleTests.xctest; sourceTree = BUILT_PRODUCTS_DIR; };
		2675D3D32911B3C0009ACBB0 /* LifeCycleTests.swift */ = {isa = PBXFileReference; lastKnownFileType = sourcecode.swift; path = LifeCycleTests.swift; sourceTree = "<group>"; };
		2675D3D92911B3C0009ACBB0 /* LifeCycleUITests.xctest */ = {isa = PBXFileReference; explicitFileType = wrapper.cfbundle; includeInIndex = 0; path = LifeCycleUITests.xctest; sourceTree = BUILT_PRODUCTS_DIR; };
		2675D3DD2911B3C0009ACBB0 /* LifeCycleUITests.swift */ = {isa = PBXFileReference; lastKnownFileType = sourcecode.swift; path = LifeCycleUITests.swift; sourceTree = "<group>"; };
		2675D3DF2911B3C0009ACBB0 /* LifeCycleUITestsLaunchTests.swift */ = {isa = PBXFileReference; lastKnownFileType = sourcecode.swift; path = LifeCycleUITestsLaunchTests.swift; sourceTree = "<group>"; };
		2675D3EC2911B40C009ACBB0 /* MyClass.swift */ = {isa = PBXFileReference; lastKnownFileType = sourcecode.swift; path = MyClass.swift; sourceTree = "<group>"; };
		2675D3EE2911B766009ACBB0 /* MyClassTests.swift */ = {isa = PBXFileReference; lastKnownFileType = sourcecode.swift; path = MyClassTests.swift; sourceTree = "<group>"; };
/* End PBXFileReference section */

/* Begin PBXFrameworksBuildPhase section */
		2675D3B62911B3BD009ACBB0 /* Frameworks */ = {
			isa = PBXFrameworksBuildPhase;
			buildActionMask = 2147483647;
			files = (
			);
			runOnlyForDeploymentPostprocessing = 0;
		};
		2675D3CC2911B3C0009ACBB0 /* Frameworks */ = {
			isa = PBXFrameworksBuildPhase;
			buildActionMask = 2147483647;
			files = (
			);
			runOnlyForDeploymentPostprocessing = 0;
		};
		2675D3D62911B3C0009ACBB0 /* Frameworks */ = {
			isa = PBXFrameworksBuildPhase;
			buildActionMask = 2147483647;
			files = (
			);
			runOnlyForDeploymentPostprocessing = 0;
		};
/* End PBXFrameworksBuildPhase section */

/* Begin PBXGroup section */
		2675D3B02911B3BD009ACBB0 = {
			isa = PBXGroup;
			children = (
				2675D3BB2911B3BD009ACBB0 /* LifeCycle */,
				2675D3D22911B3C0009ACBB0 /* LifeCycleTests */,
				2675D3DC2911B3C0009ACBB0 /* LifeCycleUITests */,
				2675D3BA2911B3BD009ACBB0 /* Products */,
			);
			sourceTree = "<group>";
		};
		2675D3BA2911B3BD009ACBB0 /* Products */ = {
			isa = PBXGroup;
			children = (
				2675D3B92911B3BD009ACBB0 /* LifeCycle.app */,
				2675D3CF2911B3C0009ACBB0 /* LifeCycleTests.xctest */,
				2675D3D92911B3C0009ACBB0 /* LifeCycleUITests.xctest */,
			);
			name = Products;
			sourceTree = "<group>";
		};
		2675D3BB2911B3BD009ACBB0 /* LifeCycle */ = {
			isa = PBXGroup;
			children = (
				2675D3BC2911B3BD009ACBB0 /* AppDelegate.swift */,
				2675D3BE2911B3BD009ACBB0 /* SceneDelegate.swift */,
				2675D3C02911B3BD009ACBB0 /* ViewController.swift */,
				2675D3C22911B3BD009ACBB0 /* Main.storyboard */,
				2675D3C52911B3BF009ACBB0 /* Assets.xcassets */,
				2675D3C72911B3BF009ACBB0 /* LaunchScreen.storyboard */,
				2675D3CA2911B3BF009ACBB0 /* Info.plist */,
				2675D3EC2911B40C009ACBB0 /* MyClass.swift */,
			);
			path = LifeCycle;
			sourceTree = "<group>";
		};
		2675D3D22911B3C0009ACBB0 /* LifeCycleTests */ = {
			isa = PBXGroup;
			children = (
				2675D3D32911B3C0009ACBB0 /* LifeCycleTests.swift */,
				2675D3EE2911B766009ACBB0 /* MyClassTests.swift */,
			);
			path = LifeCycleTests;
			sourceTree = "<group>";
		};
		2675D3DC2911B3C0009ACBB0 /* LifeCycleUITests */ = {
			isa = PBXGroup;
			children = (
				2675D3DD2911B3C0009ACBB0 /* LifeCycleUITests.swift */,
				2675D3DF2911B3C0009ACBB0 /* LifeCycleUITestsLaunchTests.swift */,
			);
			path = LifeCycleUITests;
			sourceTree = "<group>";
		};
/* End PBXGroup section */

/* Begin PBXNativeTarget section */
		2675D3B82911B3BD009ACBB0 /* LifeCycle */ = {
			isa = PBXNativeTarget;
			buildConfigurationList = 2675D3E32911B3C0009ACBB0 /* Build configuration list for PBXNativeTarget "LifeCycle" */;
			buildPhases = (
				2675D3B52911B3BD009ACBB0 /* Sources */,
				2675D3B62911B3BD009ACBB0 /* Frameworks */,
				2675D3B72911B3BD009ACBB0 /* Resources */,
			);
			buildRules = (
			);
			dependencies = (
			);
			name = LifeCycle;
			productName = LifeCycle;
			productReference = 2675D3B92911B3BD009ACBB0 /* LifeCycle.app */;
			productType = "com.apple.product-type.application";
		};
		2675D3CE2911B3C0009ACBB0 /* LifeCycleTests */ = {
			isa = PBXNativeTarget;
			buildConfigurationList = 2675D3E62911B3C0009ACBB0 /* Build configuration list for PBXNativeTarget "LifeCycleTests" */;
			buildPhases = (
				2675D3CB2911B3C0009ACBB0 /* Sources */,
				2675D3CC2911B3C0009ACBB0 /* Frameworks */,
				2675D3CD2911B3C0009ACBB0 /* Resources */,
			);
			buildRules = (
			);
			dependencies = (
				2675D3D12911B3C0009ACBB0 /* PBXTargetDependency */,
			);
			name = LifeCycleTests;
			productName = LifeCycleTests;
			productReference = 2675D3CF2911B3C0009ACBB0 /* LifeCycleTests.xctest */;
			productType = "com.apple.product-type.bundle.unit-test";
		};
		2675D3D82911B3C0009ACBB0 /* LifeCycleUITests */ = {
			isa = PBXNativeTarget;
			buildConfigurationList = 2675D3E92911B3C0009ACBB0 /* Build configuration list for PBXNativeTarget "LifeCycleUITests" */;
			buildPhases = (
				2675D3D52911B3C0009ACBB0 /* Sources */,
				2675D3D62911B3C0009ACBB0 /* Frameworks */,
				2675D3D72911B3C0009ACBB0 /* Resources */,
			);
			buildRules = (
			);
			dependencies = (
				2675D3DB2911B3C0009ACBB0 /* PBXTargetDependency */,
			);
			name = LifeCycleUITests;
			productName = LifeCycleUITests;
			productReference = 2675D3D92911B3C0009ACBB0 /* LifeCycleUITests.xctest */;
			productType = "com.apple.product-type.bundle.ui-testing";
		};
/* End PBXNativeTarget section */

/* Begin PBXProject section */
		2675D3B12911B3BD009ACBB0 /* Project object */ = {
			isa = PBXProject;
			attributes = {
				BuildIndependentTargetsInParallel = 1;
				LastSwiftUpdateCheck = 1340;
				LastUpgradeCheck = 1340;
				TargetAttributes = {
					2675D3B82911B3BD009ACBB0 = {
						CreatedOnToolsVersion = 13.4.1;
					};
					2675D3CE2911B3C0009ACBB0 = {
						CreatedOnToolsVersion = 13.4.1;
						TestTargetID = 2675D3B82911B3BD009ACBB0;
					};
					2675D3D82911B3C0009ACBB0 = {
						CreatedOnToolsVersion = 13.4.1;
						TestTargetID = 2675D3B82911B3BD009ACBB0;
					};
				};
			};
			buildConfigurationList = 2675D3B42911B3BD009ACBB0 /* Build configuration list for PBXProject "LifeCycle" */;
			compatibilityVersion = "Xcode 13.0";
			developmentRegion = en;
			hasScannedForEncodings = 0;
			knownRegions = (
				en,
				Base,
			);
			mainGroup = 2675D3B02911B3BD009ACBB0;
			productRefGroup = 2675D3BA2911B3BD009ACBB0 /* Products */;
			projectDirPath = "";
			projectRoot = "";
			targets = (
				2675D3B82911B3BD009ACBB0 /* LifeCycle */,
				2675D3CE2911B3C0009ACBB0 /* LifeCycleTests */,
				2675D3D82911B3C0009ACBB0 /* LifeCycleUITests */,
			);
		};
/* End PBXProject section */

/* Begin PBXResourcesBuildPhase section */
		2675D3B72911B3BD009ACBB0 /* Resources */ = {
			isa = PBXResourcesBuildPhase;
			buildActionMask = 2147483647;
			files = (
				2675D3C92911B3BF009ACBB0 /* LaunchScreen.storyboard in Resources */,
				2675D3C62911B3BF009ACBB0 /* Assets.xcassets in Resources */,
				2675D3C42911B3BD009ACBB0 /* Main.storyboard in Resources */,
			);
			runOnlyForDeploymentPostprocessing = 0;
		};
		2675D3CD2911B3C0009ACBB0 /* Resources */ = {
			isa = PBXResourcesBuildPhase;
			buildActionMask = 2147483647;
			files = (
			);
			runOnlyForDeploymentPostprocessing = 0;
		};
		2675D3D72911B3C0009ACBB0 /* Resources */ = {
			isa = PBXResourcesBuildPhase;
			buildActionMask = 2147483647;
			files = (
			);
			runOnlyForDeploymentPostprocessing = 0;
		};
/* End PBXResourcesBuildPhase section */

/* Begin PBXSourcesBuildPhase section */
		2675D3B52911B3BD009ACBB0 /* Sources */ = {
			isa = PBXSourcesBuildPhase;
			buildActionMask = 2147483647;
			files = (
				2675D3ED2911B40C009ACBB0 /* MyClass.swift in Sources */,
				2675D3C12911B3BD009ACBB0 /* ViewController.swift in Sources */,
				2675D3BD2911B3BD009ACBB0 /* AppDelegate.swift in Sources */,
				2675D3BF2911B3BD009ACBB0 /* SceneDelegate.swift in Sources */,
			);
			runOnlyForDeploymentPostprocessing = 0;
		};
		2675D3CB2911B3C0009ACBB0 /* Sources */ = {
			isa = PBXSourcesBuildPhase;
			buildActionMask = 2147483647;
			files = (
				2675D3EF2911B766009ACBB0 /* MyClassTests.swift in Sources */,
				2675D3D42911B3C0009ACBB0 /* LifeCycleTests.swift in Sources */,
			);
			runOnlyForDeploymentPostprocessing = 0;
		};
		2675D3D52911B3C0009ACBB0 /* Sources */ = {
			isa = PBXSourcesBuildPhase;
			buildActionMask = 2147483647;
			files = (
				2675D3DE2911B3C0009ACBB0 /* LifeCycleUITests.swift in Sources */,
				2675D3E02911B3C0009ACBB0 /* LifeCycleUITestsLaunchTests.swift in Sources */,
			);
			runOnlyForDeploymentPostprocessing = 0;
		};
/* End PBXSourcesBuildPhase section */

/* Begin PBXTargetDependency section */
		2675D3D12911B3C0009ACBB0 /* PBXTargetDependency */ = {
			isa = PBXTargetDependency;
			target = 2675D3B82911B3BD009ACBB0 /* LifeCycle */;
			targetProxy = 2675D3D02911B3C0009ACBB0 /* PBXContainerItemProxy */;
		};
		2675D3DB2911B3C0009ACBB0 /* PBXTargetDependency */ = {
			isa = PBXTargetDependency;
			target = 2675D3B82911B3BD009ACBB0 /* LifeCycle */;
			targetProxy = 2675D3DA2911B3C0009ACBB0 /* PBXContainerItemProxy */;
		};
/* End PBXTargetDependency section */

/* Begin PBXVariantGroup section */
		2675D3C22911B3BD009ACBB0 /* Main.storyboard */ = {
			isa = PBXVariantGroup;
			children = (
				2675D3C32911B3BD009ACBB0 /* Base */,
			);
			name = Main.storyboard;
			sourceTree = "<group>";
		};
		2675D3C72911B3BF009ACBB0 /* LaunchScreen.storyboard */ = {
			isa = PBXVariantGroup;
			children = (
				2675D3C82911B3BF009ACBB0 /* Base */,
			);
			name = LaunchScreen.storyboard;
			sourceTree = "<group>";
		};
/* End PBXVariantGroup section */

/* Begin XCBuildConfiguration section */
		2675D3E12911B3C0009ACBB0 /* Debug */ = {
			isa = XCBuildConfiguration;
			buildSettings = {
				ALWAYS_SEARCH_USER_PATHS = NO;
				CLANG_ANALYZER_NONNULL = YES;
				CLANG_ANALYZER_NUMBER_OBJECT_CONVERSION = YES_AGGRESSIVE;
				CLANG_CXX_LANGUAGE_STANDARD = "gnu++17";
				CLANG_ENABLE_MODULES = YES;
				CLANG_ENABLE_OBJC_ARC = YES;
				CLANG_ENABLE_OBJC_WEAK = YES;
				CLANG_WARN_BLOCK_CAPTURE_AUTORELEASING = YES;
				CLANG_WARN_BOOL_CONVERSION = YES;
				CLANG_WARN_COMMA = YES;
				CLANG_WARN_CONSTANT_CONVERSION = YES;
				CLANG_WARN_DEPRECATED_OBJC_IMPLEMENTATIONS = YES;
				CLANG_WARN_DIRECT_OBJC_ISA_USAGE = YES_ERROR;
				CLANG_WARN_DOCUMENTATION_COMMENTS = YES;
				CLANG_WARN_EMPTY_BODY = YES;
				CLANG_WARN_ENUM_CONVERSION = YES;
				CLANG_WARN_INFINITE_RECURSION = YES;
				CLANG_WARN_INT_CONVERSION = YES;
				CLANG_WARN_NON_LITERAL_NULL_CONVERSION = YES;
				CLANG_WARN_OBJC_IMPLICIT_RETAIN_SELF = YES;
				CLANG_WARN_OBJC_LITERAL_CONVERSION = YES;
				CLANG_WARN_OBJC_ROOT_CLASS = YES_ERROR;
				CLANG_WARN_QUOTED_INCLUDE_IN_FRAMEWORK_HEADER = YES;
				CLANG_WARN_RANGE_LOOP_ANALYSIS = YES;
				CLANG_WARN_STRICT_PROTOTYPES = YES;
				CLANG_WARN_SUSPICIOUS_MOVE = YES;
				CLANG_WARN_UNGUARDED_AVAILABILITY = YES_AGGRESSIVE;
				CLANG_WARN_UNREACHABLE_CODE = YES;
				CLANG_WARN__DUPLICATE_METHOD_MATCH = YES;
				COPY_PHASE_STRIP = NO;
				DEBUG_INFORMATION_FORMAT = dwarf;
				ENABLE_STRICT_OBJC_MSGSEND = YES;
				ENABLE_TESTABILITY = YES;
				GCC_C_LANGUAGE_STANDARD = gnu11;
				GCC_DYNAMIC_NO_PIC = NO;
				GCC_NO_COMMON_BLOCKS = YES;
				GCC_OPTIMIZATION_LEVEL = 0;
				GCC_PREPROCESSOR_DEFINITIONS = (
					"DEBUG=1",
					"$(inherited)",
				);
				GCC_WARN_64_TO_32_BIT_CONVERSION = YES;
				GCC_WARN_ABOUT_RETURN_TYPE = YES_ERROR;
				GCC_WARN_UNDECLARED_SELECTOR = YES;
				GCC_WARN_UNINITIALIZED_AUTOS = YES_AGGRESSIVE;
				GCC_WARN_UNUSED_FUNCTION = YES;
				GCC_WARN_UNUSED_VARIABLE = YES;
				IPHONEOS_DEPLOYMENT_TARGET = 15.5;
				MTL_ENABLE_DEBUG_INFO = INCLUDE_SOURCE;
				MTL_FAST_MATH = YES;
				ONLY_ACTIVE_ARCH = YES;
				SDKROOT = iphoneos;
				SWIFT_ACTIVE_COMPILATION_CONDITIONS = DEBUG;
				SWIFT_OPTIMIZATION_LEVEL = "-Onone";
			};
			name = Debug;
		};
		2675D3E22911B3C0009ACBB0 /* Release */ = {
			isa = XCBuildConfiguration;
			buildSettings = {
				ALWAYS_SEARCH_USER_PATHS = NO;
				CLANG_ANALYZER_NONNULL = YES;
				CLANG_ANALYZER_NUMBER_OBJECT_CONVERSION = YES_AGGRESSIVE;
				CLANG_CXX_LANGUAGE_STANDARD = "gnu++17";
				CLANG_ENABLE_MODULES = YES;
				CLANG_ENABLE_OBJC_ARC = YES;
				CLANG_ENABLE_OBJC_WEAK = YES;
				CLANG_WARN_BLOCK_CAPTURE_AUTORELEASING = YES;
				CLANG_WARN_BOOL_CONVERSION = YES;
				CLANG_WARN_COMMA = YES;
				CLANG_WARN_CONSTANT_CONVERSION = YES;
				CLANG_WARN_DEPRECATED_OBJC_IMPLEMENTATIONS = YES;
				CLANG_WARN_DIRECT_OBJC_ISA_USAGE = YES_ERROR;
				CLANG_WARN_DOCUMENTATION_COMMENTS = YES;
				CLANG_WARN_EMPTY_BODY = YES;
				CLANG_WARN_ENUM_CONVERSION = YES;
				CLANG_WARN_INFINITE_RECURSION = YES;
				CLANG_WARN_INT_CONVERSION = YES;
				CLANG_WARN_NON_LITERAL_NULL_CONVERSION = YES;
				CLANG_WARN_OBJC_IMPLICIT_RETAIN_SELF = YES;
				CLANG_WARN_OBJC_LITERAL_CONVERSION = YES;
				CLANG_WARN_OBJC_ROOT_CLASS = YES_ERROR;
				CLANG_WARN_QUOTED_INCLUDE_IN_FRAMEWORK_HEADER = YES;
				CLANG_WARN_RANGE_LOOP_ANALYSIS = YES;
				CLANG_WARN_STRICT_PROTOTYPES = YES;
				CLANG_WARN_SUSPICIOUS_MOVE = YES;
				CLANG_WARN_UNGUARDED_AVAILABILITY = YES_AGGRESSIVE;
				CLANG_WARN_UNREACHABLE_CODE = YES;
				CLANG_WARN__DUPLICATE_METHOD_MATCH = YES;
				COPY_PHASE_STRIP = NO;
				DEBUG_INFORMATION_FORMAT = "dwarf-with-dsym";
				ENABLE_NS_ASSERTIONS = NO;
				ENABLE_STRICT_OBJC_MSGSEND = YES;
				GCC_C_LANGUAGE_STANDARD = gnu11;
				GCC_NO_COMMON_BLOCKS = YES;
				GCC_WARN_64_TO_32_BIT_CONVERSION = YES;
				GCC_WARN_ABOUT_RETURN_TYPE = YES_ERROR;
				GCC_WARN_UNDECLARED_SELECTOR = YES;
				GCC_WARN_UNINITIALIZED_AUTOS = YES_AGGRESSIVE;
				GCC_WARN_UNUSED_FUNCTION = YES;
				GCC_WARN_UNUSED_VARIABLE = YES;
				IPHONEOS_DEPLOYMENT_TARGET = 15.5;
				MTL_ENABLE_DEBUG_INFO = NO;
				MTL_FAST_MATH = YES;
				SDKROOT = iphoneos;
				SWIFT_COMPILATION_MODE = wholemodule;
				SWIFT_OPTIMIZATION_LEVEL = "-O";
				VALIDATE_PRODUCT = YES;
			};
			name = Release;
		};
		2675D3E42911B3C0009ACBB0 /* Debug */ = {
			isa = XCBuildConfiguration;
			buildSettings = {
				ASSETCATALOG_COMPILER_APPICON_NAME = AppIcon;
				ASSETCATALOG_COMPILER_GLOBAL_ACCENT_COLOR_NAME = AccentColor;
				CODE_SIGN_STYLE = Automatic;
				CURRENT_PROJECT_VERSION = 1;
				DEVELOPMENT_TEAM = U6TAP55WGJ;
				GENERATE_INFOPLIST_FILE = YES;
				INFOPLIST_FILE = LifeCycle/Info.plist;
				INFOPLIST_KEY_UIApplicationSupportsIndirectInputEvents = YES;
				INFOPLIST_KEY_UILaunchStoryboardName = LaunchScreen;
				INFOPLIST_KEY_UIMainStoryboardFile = Main;
				INFOPLIST_KEY_UISupportedInterfaceOrientations_iPad = "UIInterfaceOrientationPortrait UIInterfaceOrientationPortraitUpsideDown UIInterfaceOrientationLandscapeLeft UIInterfaceOrientationLandscapeRight";
				INFOPLIST_KEY_UISupportedInterfaceOrientations_iPhone = "UIInterfaceOrientationPortrait UIInterfaceOrientationLandscapeLeft UIInterfaceOrientationLandscapeRight";
				LD_RUNPATH_SEARCH_PATHS = (
					"$(inherited)",
					"@executable_path/Frameworks",
				);
				MARKETING_VERSION = 1.0;
				PRODUCT_BUNDLE_IDENTIFIER = com.ebele.LifeCycle;
				PRODUCT_NAME = "$(TARGET_NAME)";
				SWIFT_EMIT_LOC_STRINGS = YES;
				SWIFT_VERSION = 5.0;
				TARGETED_DEVICE_FAMILY = "1,2";
			};
			name = Debug;
		};
		2675D3E52911B3C0009ACBB0 /* Release */ = {
			isa = XCBuildConfiguration;
			buildSettings = {
				ASSETCATALOG_COMPILER_APPICON_NAME = AppIcon;
				ASSETCATALOG_COMPILER_GLOBAL_ACCENT_COLOR_NAME = AccentColor;
				CODE_SIGN_STYLE = Automatic;
				CURRENT_PROJECT_VERSION = 1;
				DEVELOPMENT_TEAM = U6TAP55WGJ;
				GENERATE_INFOPLIST_FILE = YES;
				INFOPLIST_FILE = LifeCycle/Info.plist;
				INFOPLIST_KEY_UIApplicationSupportsIndirectInputEvents = YES;
				INFOPLIST_KEY_UILaunchStoryboardName = LaunchScreen;
				INFOPLIST_KEY_UIMainStoryboardFile = Main;
				INFOPLIST_KEY_UISupportedInterfaceOrientations_iPad = "UIInterfaceOrientationPortrait UIInterfaceOrientationPortraitUpsideDown UIInterfaceOrientationLandscapeLeft UIInterfaceOrientationLandscapeRight";
				INFOPLIST_KEY_UISupportedInterfaceOrientations_iPhone = "UIInterfaceOrientationPortrait UIInterfaceOrientationLandscapeLeft UIInterfaceOrientationLandscapeRight";
				LD_RUNPATH_SEARCH_PATHS = (
					"$(inherited)",
					"@executable_path/Frameworks",
				);
				MARKETING_VERSION = 1.0;
				PRODUCT_BUNDLE_IDENTIFIER = com.ebele.LifeCycle;
				PRODUCT_NAME = "$(TARGET_NAME)";
				SWIFT_EMIT_LOC_STRINGS = YES;
				SWIFT_VERSION = 5.0;
				TARGETED_DEVICE_FAMILY = "1,2";
			};
			name = Release;
		};
		2675D3E72911B3C0009ACBB0 /* Debug */ = {
			isa = XCBuildConfiguration;
			buildSettings = {
				ALWAYS_EMBED_SWIFT_STANDARD_LIBRARIES = YES;
				BUNDLE_LOADER = "$(TEST_HOST)";
				CODE_SIGN_STYLE = Automatic;
				CURRENT_PROJECT_VERSION = 1;
				DEVELOPMENT_TEAM = U6TAP55WGJ;
				GENERATE_INFOPLIST_FILE = YES;
				IPHONEOS_DEPLOYMENT_TARGET = 15.5;
				MARKETING_VERSION = 1.0;
				PRODUCT_BUNDLE_IDENTIFIER = com.ebele.LifeCycleTests;
				PRODUCT_NAME = "$(TARGET_NAME)";
				SWIFT_EMIT_LOC_STRINGS = NO;
				SWIFT_VERSION = 5.0;
				TARGETED_DEVICE_FAMILY = "1,2";
				TEST_HOST = "$(BUILT_PRODUCTS_DIR)/LifeCycle.app/LifeCycle";
			};
			name = Debug;
		};
		2675D3E82911B3C0009ACBB0 /* Release */ = {
			isa = XCBuildConfiguration;
			buildSettings = {
				ALWAYS_EMBED_SWIFT_STANDARD_LIBRARIES = YES;
				BUNDLE_LOADER = "$(TEST_HOST)";
				CODE_SIGN_STYLE = Automatic;
				CURRENT_PROJECT_VERSION = 1;
				DEVELOPMENT_TEAM = U6TAP55WGJ;
				GENERATE_INFOPLIST_FILE = YES;
				IPHONEOS_DEPLOYMENT_TARGET = 15.5;
				MARKETING_VERSION = 1.0;
				PRODUCT_BUNDLE_IDENTIFIER = com.ebele.LifeCycleTests;
				PRODUCT_NAME = "$(TARGET_NAME)";
				SWIFT_EMIT_LOC_STRINGS = NO;
				SWIFT_VERSION = 5.0;
				TARGETED_DEVICE_FAMILY = "1,2";
				TEST_HOST = "$(BUILT_PRODUCTS_DIR)/LifeCycle.app/LifeCycle";
			};
			name = Release;
		};
		2675D3EA2911B3C0009ACBB0 /* Debug */ = {
			isa = XCBuildConfiguration;
			buildSettings = {
				ALWAYS_EMBED_SWIFT_STANDARD_LIBRARIES = YES;
				CODE_SIGN_STYLE = Automatic;
				CURRENT_PROJECT_VERSION = 1;
				DEVELOPMENT_TEAM = U6TAP55WGJ;
				GENERATE_INFOPLIST_FILE = YES;
				MARKETING_VERSION = 1.0;
				PRODUCT_BUNDLE_IDENTIFIER = com.ebele.LifeCycleUITests;
				PRODUCT_NAME = "$(TARGET_NAME)";
				SWIFT_EMIT_LOC_STRINGS = NO;
				SWIFT_VERSION = 5.0;
				TARGETED_DEVICE_FAMILY = "1,2";
				TEST_TARGET_NAME = LifeCycle;
			};
			name = Debug;
		};
		2675D3EB2911B3C0009ACBB0 /* Release */ = {
			isa = XCBuildConfiguration;
			buildSettings = {
				ALWAYS_EMBED_SWIFT_STANDARD_LIBRARIES = YES;
				CODE_SIGN_STYLE = Automatic;
				CURRENT_PROJECT_VERSION = 1;
				DEVELOPMENT_TEAM = U6TAP55WGJ;
				GENERATE_INFOPLIST_FILE = YES;
				MARKETING_VERSION = 1.0;
				PRODUCT_BUNDLE_IDENTIFIER = com.ebele.LifeCycleUITests;
				PRODUCT_NAME = "$(TARGET_NAME)";
				SWIFT_EMIT_LOC_STRINGS = NO;
				SWIFT_VERSION = 5.0;
				TARGETED_DEVICE_FAMILY = "1,2";
				TEST_TARGET_NAME = LifeCycle;
			};
			name = Release;
		};
/* End XCBuildConfiguration section */

/* Begin XCConfigurationList section */
		2675D3B42911B3BD009ACBB0 /* Build configuration list for PBXProject "LifeCycle" */ = {
			isa = XCConfigurationList;
			buildConfigurations = (
				2675D3E12911B3C0009ACBB0 /* Debug */,
				2675D3E22911B3C0009ACBB0 /* Release */,
			);
			defaultConfigurationIsVisible = 0;
			defaultConfigurationName = Release;
		};
		2675D3E32911B3C0009ACBB0 /* Build configuration list for PBXNativeTarget "LifeCycle" */ = {
			isa = XCConfigurationList;
			buildConfigurations = (
				2675D3E42911B3C0009ACBB0 /* Debug */,
				2675D3E52911B3C0009ACBB0 /* Release */,
			);
			defaultConfigurationIsVisible = 0;
			defaultConfigurationName = Release;
		};
		2675D3E62911B3C0009ACBB0 /* Build configuration list for PBXNativeTarget "LifeCycleTests" */ = {
			isa = XCConfigurationList;
			buildConfigurations = (
				2675D3E72911B3C0009ACBB0 /* Debug */,
				2675D3E82911B3C0009ACBB0 /* Release */,
			);
			defaultConfigurationIsVisible = 0;
			defaultConfigurationName = Release;
		};
		2675D3E92911B3C0009ACBB0 /* Build configuration list for PBXNativeTarget "LifeCycleUITests" */ = {
			isa = XCConfigurationList;
			buildConfigurations = (
				2675D3EA2911B3C0009ACBB0 /* Debug */,
				2675D3EB2911B3C0009ACBB0 /* Release */,
			);
			defaultConfigurationIsVisible = 0;
			defaultConfigurationName = Release;
		};
/* End XCConfigurationList section */
	};
	rootObject = 2675D3B12911B3BD009ACBB0 /* Project object */;
}
